
Microsoft Visual Studio Solution File, Format Version 12.00
# Visual Studio Version 17
VisualStudioVersion = 17.2.32616.157
MinimumVisualStudioVersion = 10.0.40219.1
Project("{9A19103F-16F7-4668-BE54-9A1E7A4F7556}") = "Training.FaceMaskSource", "Training.FaceMaskSource\Training.FaceMaskSource.csproj", "{285F983F-CA6D-4BA9-8C62-96B269C756B1}"
EndProject
Project("{FAE04EC0-301F-11D3-BF4B-00C04F79EFBC}") = "Training.FaceMaskSource.Models", "Training.FaceMaskSource.Models\Training.FaceMaskSource.Models.csproj", "{15030F84-80B2-4F58-BA93-86E3B02CD4FF}"
EndProject
Global
	GlobalSection(SolutionConfigurationPlatforms) = preSolution
		Debug|Any CPU = Debug|Any CPU
		Release|Any CPU = Release|Any CPU
	EndGlobalSection
	GlobalSection(ProjectConfigurationPlatforms) = postSolution
		{285F983F-CA6D-4BA9-8C62-96B269C756B1}.Debug|Any CPU.ActiveCfg = Debug|Any CPU
		{285F983F-CA6D-4BA9-8C62-96B269C756B1}.Debug|Any CPU.Build.0 = Debug|Any CPU
		{285F983F-CA6D-4BA9-8C62-96B269C756B1}.Release|Any CPU.ActiveCfg = Release|Any CPU
		{285F983F-CA6D-4BA9-8C62-96B269C756B1}.Release|Any CPU.Build.0 = Release|Any CPU
		{15030F84-80B2-4F58-BA93-86E3B02CD4FF}.Debug|Any CPU.ActiveCfg = Debug|Any CPU
		{15030F84-80B2-4F58-BA93-86E3B02CD4FF}.Debug|Any CPU.Build.0 = Debug|Any CPU
		{15030F84-80B2-4F58-BA93-86E3B02CD4FF}.Release|Any CPU.ActiveCfg = Release|Any CPU
		{15030F84-80B2-4F58-BA93-86E3B02CD4FF}.Release|Any CPU.Build.0 = Release|Any CPU
	EndGlobalSection
	GlobalSection(SolutionProperties) = preSolution
		HideSolutionNode = FALSE
	EndGlobalSection
	GlobalSection(ExtensibilityGlobals) = postSolution
		SolutionGuid = {60E4BDED-6C9D-4517-B115-0FFB3A673317}
	EndGlobalSection
EndGlobal
